# THIS IS AN AUTOGENERATED FILE. DO NOT EDIT THIS FILE DIRECTLY.
# yarn lockfile v1


"@types/node@^7.0.22":
  version "7.0.22"
  resolved "https://registry.yarnpkg.com/@types/node/-/node-7.0.22.tgz#4593f4d828bdd612929478ea40c67b4f403ca255"

typescript@^2.3.3:
  version "2.3.3"
  resolved "https://registry.yarnpkg.com/typescript/-/typescript-2.3.3.tgz#9639f3c3b40148e8ca97fe08a51dd1891bb6be22"
